// !$*UTF8*$!
{
	archiveVersion = 1;
	classes = {
	};
	objectVersion = 46;
	objects = {

/* Begin PBXBuildFile section */
		C8244EFB1C3EFC5D00A96445 /* AppDelegate.m in Sources */ = {isa = PBXBuildFile; fileRef = C8244EFA1C3EFC5D00A96445 /* AppDelegate.m */; };
		C8244EFE1C3EFC5D00A96445 /* main.m in Sources */ = {isa = PBXBuildFile; fileRef = C8244EFD1C3EFC5D00A96445 /* main.m */; };
		C8244F011C3EFC5D00A96445 /* ViewController.m in Sources */ = {isa = PBXBuildFile; fileRef = C8244F001C3EFC5D00A96445 /* ViewController.m */; };
		C8244F031C3EFC5D00A96445 /* Assets.xcassets in Resources */ = {isa = PBXBuildFile; fileRef = C8244F021C3EFC5D00A96445 /* Assets.xcassets */; };
		C8244F061C3EFC5D00A96445 /* Main.storyboard in Resources */ = {isa = PBXBuildFile; fileRef = C8244F041C3EFC5D00A96445 /* Main.storyboard */; };
		C84CA37D1CC5653F0047CC75 /* AlertNotifier.m in Sources */ = {isa = PBXBuildFile; fileRef = C84CA37C1CC5653F0047CC75 /* AlertNotifier.m */; };
		C84CA37F1CC5653F0047CC75 /* main.m in Sources */ = {isa = PBXBuildFile; fileRef = C84CA37E1CC5653F0047CC75 /* main.m */; };
		C84CA3831CC5653F0047CC75 /* AlertNotifier.xpc in Embed XPC Services */ = {isa = PBXBuildFile; fileRef = C84CA3781CC5653F0047CC75 /* AlertNotifier.xpc */; settings = {ATTRIBUTES = (RemoveHeadersOnCopy, ); }; };
/* End PBXBuildFile section */

/* Begin PBXContainerItemProxy section */
		C84CA3811CC5653F0047CC75 /* PBXContainerItemProxy */ = {
			isa = PBXContainerItemProxy;
			containerPortal = C8244EEE1C3EFC5D00A96445 /* Project object */;
			proxyType = 1;
			remoteGlobalIDString = C84CA3771CC5653F0047CC75;
			remoteInfo = AlertNotifier;
		};
/* End PBXContainerItemProxy section */

/* Begin PBXCopyFilesBuildPhase section */
		C84CA3871CC5653F0047CC75 /* Embed XPC Services */ = {
			isa = PBXCopyFilesBuildPhase;
			buildActionMask = 2147483647;
			dstPath = "$(CONTENTS_FOLDER_PATH)/XPCServices";
			dstSubfolderSpec = 16;
			files = (
				C84CA3831CC5653F0047CC75 /* AlertNotifier.xpc in Embed XPC Services */,
			);
			name = "Embed XPC Services";
			runOnlyForDeploymentPostprocessing = 0;
		};
/* End PBXCopyFilesBuildPhase section */

/* Begin PBXFileReference section */
		C8244EF61C3EFC5D00A96445 /* test.app */ = {isa = PBXFileReference; explicitFileType = wrapper.application; includeInIndex = 0; path = test.app; sourceTree = BUILT_PRODUCTS_DIR; };
		C8244EF91C3EFC5D00A96445 /* AppDelegate.h */ = {isa = PBXFileReference; lastKnownFileType = sourcecode.c.h; path = AppDelegate.h; sourceTree = "<group>"; };
		C8244EFA1C3EFC5D00A96445 /* AppDelegate.m */ = {isa = PBXFileReference; lastKnownFileType = sourcecode.c.objc; path = AppDelegate.m; sourceTree = "<group>"; };
		C8244EFD1C3EFC5D00A96445 /* main.m */ = {isa = PBXFileReference; lastKnownFileType = sourcecode.c.objc; path = main.m; sourceTree = "<group>"; };
		C8244EFF1C3EFC5D00A96445 /* ViewController.h */ = {isa = PBXFileReference; lastKnownFileType = sourcecode.c.h; path = ViewController.h; sourceTree = "<group>"; };
		C8244F001C3EFC5D00A96445 /* ViewController.m */ = {isa = PBXFileReference; lastKnownFileType = sourcecode.c.objc; path = ViewController.m; sourceTree = "<group>"; };
		C8244F021C3EFC5D00A96445 /* Assets.xcassets */ = {isa = PBXFileReference; lastKnownFileType = folder.assetcatalog; path = Assets.xcassets; sourceTree = "<group>"; };
		C8244F051C3EFC5D00A96445 /* Base */ = {isa = PBXFileReference; lastKnownFileType = file.storyboard; name = Base; path = Base.lproj/Main.storyboard; sourceTree = "<group>"; };
		C8244F071C3EFC5D00A96445 /* Info.plist */ = {isa = PBXFileReference; lastKnownFileType = text.plist.xml; path = Info.plist; sourceTree = "<group>"; };
		C84CA3701CA18D4F0047CC75 /* test.entitlements */ = {isa = PBXFileReference; lastKnownFileType = text.xml; path = test.entitlements; sourceTree = "<group>"; };
		C84CA3731CA3F1C70047CC75 /* CommonDefinitions.h */ = {isa = PBXFileReference; lastKnownFileType = sourcecode.c.h; path = CommonDefinitions.h; sourceTree = "<group>"; };
		C84CA3781CC5653F0047CC75 /* AlertNotifier.xpc */ = {isa = PBXFileReference; explicitFileType = "wrapper.xpc-service"; includeInIndex = 0; path = AlertNotifier.xpc; sourceTree = BUILT_PRODUCTS_DIR; };
		C84CA37A1CC5653F0047CC75 /* AlertNotifierProtocol.h */ = {isa = PBXFileReference; lastKnownFileType = sourcecode.c.h; path = AlertNotifierProtocol.h; sourceTree = "<group>"; };
		C84CA37B1CC5653F0047CC75 /* AlertNotifier.h */ = {isa = PBXFileReference; lastKnownFileType = sourcecode.c.h; path = AlertNotifier.h; sourceTree = "<group>"; };
		C84CA37C1CC5653F0047CC75 /* AlertNotifier.m */ = {isa = PBXFileReference; lastKnownFileType = sourcecode.c.objc; path = AlertNotifier.m; sourceTree = "<group>"; };
		C84CA37E1CC5653F0047CC75 /* main.m */ = {isa = PBXFileReference; lastKnownFileType = sourcecode.c.objc; path = main.m; sourceTree = "<group>"; };
		C84CA3801CC5653F0047CC75 /* Info.plist */ = {isa = PBXFileReference; lastKnownFileType = text.plist.xml; path = Info.plist; sourceTree = "<group>"; };
/* End PBXFileReference section */

/* Begin PBXFrameworksBuildPhase section */
		C8244EF31C3EFC5D00A96445 /* Frameworks */ = {
			isa = PBXFrameworksBuildPhase;
			buildActionMask = 2147483647;
			files = (
			);
			runOnlyForDeploymentPostprocessing = 0;
		};
		C84CA3751CC5653F0047CC75 /* Frameworks */ = {
			isa = PBXFrameworksBuildPhase;
			buildActionMask = 2147483647;
			files = (
			);
			runOnlyForDeploymentPostprocessing = 0;
		};
/* End PBXFrameworksBuildPhase section */

/* Begin PBXGroup section */
		C8244EED1C3EFC5D00A96445 = {
			isa = PBXGroup;
			children = (
				C8244EF81C3EFC5D00A96445 /* test */,
				C84CA3791CC5653F0047CC75 /* AlertNotifier */,
				C8244EF71C3EFC5D00A96445 /* Products */,
			);
			sourceTree = "<group>";
		};
		C8244EF71C3EFC5D00A96445 /* Products */ = {
			isa = PBXGroup;
			children = (
				C8244EF61C3EFC5D00A96445 /* test.app */,
				C84CA3781CC5653F0047CC75 /* AlertNotifier.xpc */,
			);
			name = Products;
			sourceTree = "<group>";
		};
		C8244EF81C3EFC5D00A96445 /* test */ = {
			isa = PBXGroup;
			children = (
				C84CA3701CA18D4F0047CC75 /* test.entitlements */,
				C8244EF91C3EFC5D00A96445 /* AppDelegate.h */,
				C8244EFA1C3EFC5D00A96445 /* AppDelegate.m */,
				C84CA3731CA3F1C70047CC75 /* CommonDefinitions.h */,
				C8244EFF1C3EFC5D00A96445 /* ViewController.h */,
				C8244F001C3EFC5D00A96445 /* ViewController.m */,
				C8244F021C3EFC5D00A96445 /* Assets.xcassets */,
				C8244F041C3EFC5D00A96445 /* Main.storyboard */,
				C8244EFC1C3EFC5D00A96445 /* Supporting Files */,
			);
			path = test;
			sourceTree = "<group>";
		};
		C8244EFC1C3EFC5D00A96445 /* Supporting Files */ = {
			isa = PBXGroup;
			children = (
				C8244F071C3EFC5D00A96445 /* Info.plist */,
				C8244EFD1C3EFC5D00A96445 /* main.m */,
			);
			name = "Supporting Files";
			sourceTree = "<group>";
		};
		C84CA3791CC5653F0047CC75 /* AlertNotifier */ = {
			isa = PBXGroup;
			children = (
				C84CA37A1CC5653F0047CC75 /* AlertNotifierProtocol.h */,
				C84CA37B1CC5653F0047CC75 /* AlertNotifier.h */,
				C84CA37C1CC5653F0047CC75 /* AlertNotifier.m */,
				C84CA37E1CC5653F0047CC75 /* main.m */,
				C84CA3801CC5653F0047CC75 /* Info.plist */,
			);
			path = AlertNotifier;
			sourceTree = "<group>";
		};
/* End PBXGroup section */

/* Begin PBXNativeTarget section */
		C8244EF51C3EFC5D00A96445 /* test */ = {
			isa = PBXNativeTarget;
			buildConfigurationList = C8244F0A1C3EFC5D00A96445 /* Build configuration list for PBXNativeTarget "test" */;
			buildPhases = (
				C8244EF21C3EFC5D00A96445 /* Sources */,
				C8244EF31C3EFC5D00A96445 /* Frameworks */,
				C8244EF41C3EFC5D00A96445 /* Resources */,
				C84CA3871CC5653F0047CC75 /* Embed XPC Services */,
			);
			buildRules = (
			);
			dependencies = (
				C84CA3821CC5653F0047CC75 /* PBXTargetDependency */,
			);
			name = test;
			productName = test;
			productReference = C8244EF61C3EFC5D00A96445 /* test.app */;
			productType = "com.apple.product-type.application";
		};
		C84CA3771CC5653F0047CC75 /* AlertNotifier */ = {
			isa = PBXNativeTarget;
			buildConfigurationList = C84CA3841CC5653F0047CC75 /* Build configuration list for PBXNativeTarget "AlertNotifier" */;
			buildPhases = (
				C84CA3741CC5653F0047CC75 /* Sources */,
				C84CA3751CC5653F0047CC75 /* Frameworks */,
				C84CA3761CC5653F0047CC75 /* Resources */,
			);
			buildRules = (
			);
			dependencies = (
			);
			name = AlertNotifier;
			productName = AlertNotifier;
			productReference = C84CA3781CC5653F0047CC75 /* AlertNotifier.xpc */;
			productType = "com.apple.product-type.xpc-service";
		};
/* End PBXNativeTarget section */

/* Begin PBXProject section */
		C8244EEE1C3EFC5D00A96445 /* Project object */ = {
			isa = PBXProject;
			attributes = {
				LastUpgradeCheck = 0700;
				ORGANIZATIONNAME = "Miguel Garcia";
				TargetAttributes = {
					C8244EF51C3EFC5D00A96445 = {
						CreatedOnToolsVersion = 7.0.1;
						DevelopmentTeam = 7P7T7H8T96;
						SystemCapabilities = {
							com.apple.GameCenter = {
								enabled = 0;
							};
							com.apple.Keychain = {
								enabled = 0;
							};
							com.apple.Push = {
								enabled = 0;
							};
							com.apple.Sandbox = {
								enabled = 1;
							};
						};
					};
					C84CA3771CC5653F0047CC75 = {
						CreatedOnToolsVersion = 7.0.1;
						DevelopmentTeam = 7P7T7H8T96;
					};
				};
			};
			buildConfigurationList = C8244EF11C3EFC5D00A96445 /* Build configuration list for PBXProject "test" */;
			compatibilityVersion = "Xcode 3.2";
			developmentRegion = English;
			hasScannedForEncodings = 0;
			knownRegions = (
				en,
				Base,
			);
			mainGroup = C8244EED1C3EFC5D00A96445;
			productRefGroup = C8244EF71C3EFC5D00A96445 /* Products */;
			projectDirPath = "";
			projectRoot = "";
			targets = (
				C8244EF51C3EFC5D00A96445 /* test */,
				C84CA3771CC5653F0047CC75 /* AlertNotifier */,
			);
		};
/* End PBXProject section */

/* Begin PBXResourcesBuildPhase section */
		C8244EF41C3EFC5D00A96445 /* Resources */ = {
			isa = PBXResourcesBuildPhase;
			buildActionMask = 2147483647;
			files = (
				C8244F031C3EFC5D00A96445 /* Assets.xcassets in Resources */,
				C8244F061C3EFC5D00A96445 /* Main.storyboard in Resources */,
			);
			runOnlyForDeploymentPostprocessing = 0;
		};
		C84CA3761CC5653F0047CC75 /* Resources */ = {
			isa = PBXResourcesBuildPhase;
			buildActionMask = 2147483647;
			files = (
			);
			runOnlyForDeploymentPostprocessing = 0;
		};
/* End PBXResourcesBuildPhase section */

/* Begin PBXSourcesBuildPhase section */
		C8244EF21C3EFC5D00A96445 /* Sources */ = {
			isa = PBXSourcesBuildPhase;
			buildActionMask = 2147483647;
			files = (
				C8244F011C3EFC5D00A96445 /* ViewController.m in Sources */,
				C8244EFE1C3EFC5D00A96445 /* main.m in Sources */,
				C8244EFB1C3EFC5D00A96445 /* AppDelegate.m in Sources */,
			);
			runOnlyForDeploymentPostprocessing = 0;
		};
		C84CA3741CC5653F0047CC75 /* Sources */ = {
			isa = PBXSourcesBuildPhase;
			buildActionMask = 2147483647;
			files = (
				C84CA37F1CC5653F0047CC75 /* main.m in Sources */,
				C84CA37D1CC5653F0047CC75 /* AlertNotifier.m in Sources */,
			);
			runOnlyForDeploymentPostprocessing = 0;
		};
/* End PBXSourcesBuildPhase section */

/* Begin PBXTargetDependency section */
		C84CA3821CC5653F0047CC75 /* PBXTargetDependency */ = {
			isa = PBXTargetDependency;
			target = C84CA3771CC5653F0047CC75 /* AlertNotifier */;
			targetProxy = C84CA3811CC5653F0047CC75 /* PBXContainerItemProxy */;
		};
/* End PBXTargetDependency section */

/* Begin PBXVariantGroup section */
		C8244F041C3EFC5D00A96445 /* Main.storyboard */ = {
			isa = PBXVariantGroup;
			children = (
				C8244F051C3EFC5D00A96445 /* Base */,
			);
			name = Main.storyboard;
			sourceTree = "<group>";
		};
/* End PBXVariantGroup section */

/* Begin XCBuildConfiguration section */
		C8244F081C3EFC5D00A96445 /* Debug */ = {
			isa = XCBuildConfiguration;
			buildSettings = {
				ALWAYS_SEARCH_USER_PATHS = NO;
				CLANG_CXX_LANGUAGE_STANDARD = "gnu++0x";
				CLANG_CXX_LIBRARY = "libc++";
				CLANG_ENABLE_MODULES = YES;
				CLANG_ENABLE_OBJC_ARC = YES;
				CLANG_WARN_BOOL_CONVERSION = YES;
				CLANG_WARN_CONSTANT_CONVERSION = YES;
				CLANG_WARN_DIRECT_OBJC_ISA_USAGE = YES_ERROR;
				CLANG_WARN_EMPTY_BODY = YES;
				CLANG_WARN_ENUM_CONVERSION = YES;
				CLANG_WARN_INT_CONVERSION = YES;
				CLANG_WARN_OBJC_ROOT_CLASS = YES_ERROR;
				CLANG_WARN_UNREACHABLE_CODE = YES;
				CLANG_WARN__DUPLICATE_METHOD_MATCH = YES;
				CODE_SIGN_IDENTITY = "-";
				COPY_PHASE_STRIP = NO;
				DEBUG_INFORMATION_FORMAT = dwarf;
				ENABLE_STRICT_OBJC_MSGSEND = YES;
				ENABLE_TESTABILITY = YES;
				GCC_C_LANGUAGE_STANDARD = gnu99;
				GCC_DYNAMIC_NO_PIC = NO;
				GCC_NO_COMMON_BLOCKS = YES;
				GCC_OPTIMIZATION_LEVEL = 0;
				GCC_PREPROCESSOR_DEFINITIONS = (
					"DEBUG=1",
					"$(inherited)",
				);
				GCC_WARN_64_TO_32_BIT_CONVERSION = YES;
				GCC_WARN_ABOUT_RETURN_TYPE = YES_ERROR;
				GCC_WARN_UNDECLARED_SELECTOR = YES;
				GCC_WARN_UNINITIALIZED_AUTOS = YES_AGGRESSIVE;
				GCC_WARN_UNUSED_FUNCTION = YES;
				GCC_WARN_UNUSED_VARIABLE = YES;
				MACOSX_DEPLOYMENT_TARGET = 10.10;
				MTL_ENABLE_DEBUG_INFO = YES;
				ONLY_ACTIVE_ARCH = YES;
				SDKROOT = macosx;
			};
			name = Debug;
		};
		C8244F091C3EFC5D00A96445 /* Release */ = {
			isa = XCBuildConfiguration;
			buildSettings = {
				ALWAYS_SEARCH_USER_PATHS = NO;
				CLANG_CXX_LANGUAGE_STANDARD = "gnu++0x";
				CLANG_CXX_LIBRARY = "libc++";
				CLANG_ENABLE_MODULES = YES;
				CLANG_ENABLE_OBJC_ARC = YES;
				CLANG_WARN_BOOL_CONVERSION = YES;
				CLANG_WARN_CONSTANT_CONVERSION = YES;
				CLANG_WARN_DIRECT_OBJC_ISA_USAGE = YES_ERROR;
				CLANG_WARN_EMPTY_BODY = YES;
				CLANG_WARN_ENUM_CONVERSION = YES;
				CLANG_WARN_INT_CONVERSION = YES;
				CLANG_WARN_OBJC_ROOT_CLASS = YES_ERROR;
				CLANG_WARN_UNREACHABLE_CODE = YES;
				CLANG_WARN__DUPLICATE_METHOD_MATCH = YES;
				CODE_SIGN_IDENTITY = "-";
				COPY_PHASE_STRIP = NO;
				DEBUG_INFORMATION_FORMAT = "dwarf-with-dsym";
				ENABLE_NS_ASSERTIONS = NO;
				ENABLE_STRICT_OBJC_MSGSEND = YES;
				GCC_C_LANGUAGE_STANDARD = gnu99;
				GCC_NO_COMMON_BLOCKS = YES;
				GCC_WARN_64_TO_32_BIT_CONVERSION = YES;
				GCC_WARN_ABOUT_RETURN_TYPE = YES_ERROR;
				GCC_WARN_UNDECLARED_SELECTOR = YES;
				GCC_WARN_UNINITIALIZED_AUTOS = YES_AGGRESSIVE;
				GCC_WARN_UNUSED_FUNCTION = YES;
				GCC_WARN_UNUSED_VARIABLE = YES;
				MACOSX_DEPLOYMENT_TARGET = 10.10;
				MTL_ENABLE_DEBUG_INFO = NO;
				SDKROOT = macosx;
			};
			name = Release;
		};
		C8244F0B1C3EFC5D00A96445 /* Debug */ = {
			isa = XCBuildConfiguration;
			buildSettings = {
				ASSETCATALOG_COMPILER_APPICON_NAME = AppIcon;
				CODE_SIGN_ENTITLEMENTS = test/test.entitlements;
				CODE_SIGN_IDENTITY = "Mac Developer";
				COMBINE_HIDPI_IMAGES = YES;
				INFOPLIST_FILE = test/Info.plist;
				LD_RUNPATH_SEARCH_PATHS = "$(inherited) @executable_path/../Frameworks";
				MACOSX_DEPLOYMENT_TARGET = 10.11;
				ONLY_ACTIVE_ARCH = YES;
				PRODUCT_BUNDLE_IDENTIFIER = helloworld.test;
				PRODUCT_NAME = "$(TARGET_NAME)";
			};
			name = Debug;
		};
		C8244F0C1C3EFC5D00A96445 /* Release */ = {
			isa = XCBuildConfiguration;
			buildSettings = {
				ASSETCATALOG_COMPILER_APPICON_NAME = AppIcon;
				CODE_SIGN_ENTITLEMENTS = test/test.entitlements;
				CODE_SIGN_IDENTITY = "Mac Developer";
				COMBINE_HIDPI_IMAGES = YES;
				INFOPLIST_FILE = test/Info.plist;
				LD_RUNPATH_SEARCH_PATHS = "$(inherited) @executable_path/../Frameworks";
				MACOSX_DEPLOYMENT_TARGET = 10.11;
				ONLY_ACTIVE_ARCH = YES;
				PRODUCT_BUNDLE_IDENTIFIER = helloworld.test;
				PRODUCT_NAME = "$(TARGET_NAME)";
			};
			name = Release;
		};
		C84CA3851CC5653F0047CC75 /* Debug */ = {
			isa = XCBuildConfiguration;
			buildSettings = {
				CODE_SIGN_IDENTITY = "Mac Developer";
				COMBINE_HIDPI_IMAGES = YES;
				INFOPLIST_FILE = AlertNotifier/Info.plist;
				MACOSX_DEPLOYMENT_TARGET = 10.11;
				PRODUCT_BUNDLE_IDENTIFIER = cg.AlertNotifier;
				PRODUCT_NAME = "$(TARGET_NAME)";
				SKIP_INSTALL = YES;
			};
			name = Debug;
		};
		C84CA3861CC5653F0047CC75 /* Release */ = {
			isa = XCBuildConfiguration;
			buildSettings = {
				CODE_SIGN_IDENTITY = "Mac Developer";
				COMBINE_HIDPI_IMAGES = YES;
				INFOPLIST_FILE = AlertNotifier/Info.plist;
				MACOSX_DEPLOYMENT_TARGET = 10.11;
				PRODUCT_BUNDLE_IDENTIFIER = cg.AlertNotifier;
				PRODUCT_NAME = "$(TARGET_NAME)";
				SKIP_INSTALL = YES;
			};
			name = Release;
		};
/* End XCBuildConfiguration section */

/* Begin XCConfigurationList section */
		C8244EF11C3EFC5D00A96445 /* Build configuration list for PBXProject "test" */ = {
			isa = XCConfigurationList;
			buildConfigurations = (
				C8244F081C3EFC5D00A96445 /* Debug */,
				C8244F091C3EFC5D00A96445 /* Release */,
			);
			defaultConfigurationIsVisible = 0;
			defaultConfigurationName = Release;
		};
		C8244F0A1C3EFC5D00A96445 /* Build configuration list for PBXNativeTarget "test" */ = {
			isa = XCConfigurationList;
			buildConfigurations = (
				C8244F0B1C3EFC5D00A96445 /* Debug */,
				C8244F0C1C3EFC5D00A96445 /* Release */,
			);
			defaultConfigurationIsVisible = 0;
			defaultConfigurationName = Release;
		};
		C84CA3841CC5653F0047CC75 /* Build configuration list for PBXNativeTarget "AlertNotifier" */ = {
			isa = XCConfigurationList;
			buildConfigurations = (
				C84CA3851CC5653F0047CC75 /* Debug */,
				C84CA3861CC5653F0047CC75 /* Release */,
			);
			defaultConfigurationIsVisible = 0;
		};
/* End XCConfigurationList section */
	};
	rootObject = C8244EEE1C3EFC5D00A96445 /* Project object */;
}
